
Microsoft Visual Studio Solution File, Format Version 12.00
# Visual Studio Version 17
VisualStudioVersion = 17.2.32602.215
MinimumVisualStudioVersion = 10.0.40219.1
Project("{FAE04EC0-301F-11D3-BF4B-00C04F79EFBC}") = "Ejercici11.Android", "Ejercici11.Android\Ejercici11.Android.csproj", "{F7C86318-E109-4FAA-A688-3170AAC6AA49}"
EndProject
Project("{FAE04EC0-301F-11D3-BF4B-00C04F79EFBC}") = "Ejercici11", "Ejercici11\Ejercici11.csproj", "{8EDD551E-3C05-4A73-A98C-A01A44563AF2}"
EndProject
Global
	GlobalSection(SolutionConfigurationPlatforms) = preSolution
		Debug|Any CPU = Debug|Any CPU
		Release|Any CPU = Release|Any CPU
	EndGlobalSection
	GlobalSection(ProjectConfigurationPlatforms) = postSolution
		{F7C86318-E109-4FAA-A688-3170AAC6AA49}.Debug|Any CPU.ActiveCfg = Debug|Any CPU
		{F7C86318-E109-4FAA-A688-3170AAC6AA49}.Debug|Any CPU.Build.0 = Debug|Any CPU
		{F7C86318-E109-4FAA-A688-3170AAC6AA49}.Debug|Any CPU.Deploy.0 = Debug|Any CPU
		{F7C86318-E109-4FAA-A688-3170AAC6AA49}.Release|Any CPU.ActiveCfg = Release|Any CPU
		{F7C86318-E109-4FAA-A688-3170AAC6AA49}.Release|Any CPU.Build.0 = Release|Any CPU
		{F7C86318-E109-4FAA-A688-3170AAC6AA49}.Release|Any CPU.Deploy.0 = Release|Any CPU
		{8EDD551E-3C05-4A73-A98C-A01A44563AF2}.Debug|Any CPU.ActiveCfg = Debug|Any CPU
		{8EDD551E-3C05-4A73-A98C-A01A44563AF2}.Debug|Any CPU.Build.0 = Debug|Any CPU
		{8EDD551E-3C05-4A73-A98C-A01A44563AF2}.Debug|Any CPU.Deploy.0 = Debug|Any CPU
		{8EDD551E-3C05-4A73-A98C-A01A44563AF2}.Release|Any CPU.ActiveCfg = Release|Any CPU
		{8EDD551E-3C05-4A73-A98C-A01A44563AF2}.Release|Any CPU.Build.0 = Release|Any CPU
		{8EDD551E-3C05-4A73-A98C-A01A44563AF2}.Release|Any CPU.Deploy.0 = Release|Any CPU
	EndGlobalSection
	GlobalSection(SolutionProperties) = preSolution
		HideSolutionNode = FALSE
	EndGlobalSection
	GlobalSection(ExtensibilityGlobals) = postSolution
		SolutionGuid = {510C262A-EFA6-4ECF-81C2-9D49C4234ECF}
	EndGlobalSection
EndGlobal
